
Microsoft Visual Studio Solution File, Format Version 12.00
# Visual Studio Version 16
VisualStudioVersion = 16.0.30011.22
MinimumVisualStudioVersion = 10.0.40219.1
Project("{9A19103F-16F7-4668-BE54-9A1E7A4F7556}") = "SampleApp1", "SampleApp1\SampleApp1.csproj", "{62017F96-E021-48C1-999A-5888F4DB4E1A}"
EndProject
Project("{9A19103F-16F7-4668-BE54-9A1E7A4F7556}") = "SampleLibrary1", "SampleLibrary1\SampleLibrary1.csproj", "{1211BAF2-98A4-4CA4-8197-EB69DA3375A1}"
EndProject
Project("{9A19103F-16F7-4668-BE54-9A1E7A4F7556}") = "SampleLibrary2", "SampleLibrary2\SampleLibrary2.csproj", "{B748EE00-96C1-4313-8B36-2611426791DA}"
EndProject
Project("{9A19103F-16F7-4668-BE54-9A1E7A4F7556}") = "SampleLibrary3", "SampleLibrary3\SampleLibrary3.csproj", "{9185E523-AA58-48C3-A5E5-0DDBFAD831E5}"
EndProject
Project("{9A19103F-16F7-4668-BE54-9A1E7A4F7556}") = "SampleApp2", "SampleApp2\SampleApp2.csproj", "{AB61F9EA-254E-4234-B886-2BD41BE8D566}"
EndProject
Global
	GlobalSection(SolutionConfigurationPlatforms) = preSolution
		Debug|Any CPU = Debug|Any CPU
		Release|Any CPU = Release|Any CPU
	EndGlobalSection
	GlobalSection(ProjectConfigurationPlatforms) = postSolution
		{62017F96-E021-48C1-999A-5888F4DB4E1A}.Debug|Any CPU.ActiveCfg = Debug|Any CPU
		{62017F96-E021-48C1-999A-5888F4DB4E1A}.Debug|Any CPU.Build.0 = Debug|Any CPU
		{62017F96-E021-48C1-999A-5888F4DB4E1A}.Release|Any CPU.ActiveCfg = Release|Any CPU
		{62017F96-E021-48C1-999A-5888F4DB4E1A}.Release|Any CPU.Build.0 = Release|Any CPU
		{1211BAF2-98A4-4CA4-8197-EB69DA3375A1}.Debug|Any CPU.ActiveCfg = Debug|Any CPU
		{1211BAF2-98A4-4CA4-8197-EB69DA3375A1}.Debug|Any CPU.Build.0 = Debug|Any CPU
		{1211BAF2-98A4-4CA4-8197-EB69DA3375A1}.Release|Any CPU.ActiveCfg = Release|Any CPU
		{1211BAF2-98A4-4CA4-8197-EB69DA3375A1}.Release|Any CPU.Build.0 = Release|Any CPU
		{B748EE00-96C1-4313-8B36-2611426791DA}.Debug|Any CPU.ActiveCfg = Debug|Any CPU
		{B748EE00-96C1-4313-8B36-2611426791DA}.Debug|Any CPU.Build.0 = Debug|Any CPU
		{B748EE00-96C1-4313-8B36-2611426791DA}.Release|Any CPU.ActiveCfg = Release|Any CPU
		{B748EE00-96C1-4313-8B36-2611426791DA}.Release|Any CPU.Build.0 = Release|Any CPU
		{9185E523-AA58-48C3-A5E5-0DDBFAD831E5}.Debug|Any CPU.ActiveCfg = Debug|Any CPU
		{9185E523-AA58-48C3-A5E5-0DDBFAD831E5}.Debug|Any CPU.Build.0 = Debug|Any CPU
		{9185E523-AA58-48C3-A5E5-0DDBFAD831E5}.Release|Any CPU.ActiveCfg = Release|Any CPU
		{9185E523-AA58-48C3-A5E5-0DDBFAD831E5}.Release|Any CPU.Build.0 = Release|Any CPU
		{AB61F9EA-254E-4234-B886-2BD41BE8D566}.Debug|Any CPU.ActiveCfg = Debug|Any CPU
		{AB61F9EA-254E-4234-B886-2BD41BE8D566}.Debug|Any CPU.Build.0 = Debug|Any CPU
		{AB61F9EA-254E-4234-B886-2BD41BE8D566}.Release|Any CPU.ActiveCfg = Release|Any CPU
		{AB61F9EA-254E-4234-B886-2BD41BE8D566}.Release|Any CPU.Build.0 = Release|Any CPU
	EndGlobalSection
	GlobalSection(SolutionProperties) = preSolution
		HideSolutionNode = FALSE
	EndGlobalSection
	GlobalSection(ExtensibilityGlobals) = postSolution
		SolutionGuid = {0B3CA595-481D-4349-8EEB-EC4FB120E983}
	EndGlobalSection
EndGlobal
